
Microsoft Visual Studio Solution File, Format Version 12.00
# Visual Studio Version 17
VisualStudioVersion = 17.8.34511.84
MinimumVisualStudioVersion = 10.0.40219.1
Project("{FAE04EC0-301F-11D3-BF4B-00C04F79EFBC}") = "NewApp", "NewApp\NewApp.csproj", "{C0D1F67D-060B-4244-93F2-86302B194A5E}"
EndProject
Global
	GlobalSection(SolutionConfigurationPlatforms) = preSolution
		Debug|Any CPU = Debug|Any CPU
		Release|Any CPU = Release|Any CPU
	EndGlobalSection
	GlobalSection(ProjectConfigurationPlatforms) = postSolution
		{C0D1F67D-060B-4244-93F2-86302B194A5E}.Debug|Any CPU.ActiveCfg = Debug|Any CPU
		{C0D1F67D-060B-4244-93F2-86302B194A5E}.Debug|Any CPU.Build.0 = Debug|Any CPU
		{C0D1F67D-060B-4244-93F2-86302B194A5E}.Release|Any CPU.ActiveCfg = Release|Any CPU
		{C0D1F67D-060B-4244-93F2-86302B194A5E}.Release|Any CPU.Build.0 = Release|Any CPU
	EndGlobalSection
	GlobalSection(SolutionProperties) = preSolution
		HideSolutionNode = FALSE
	EndGlobalSection
	GlobalSection(ExtensibilityGlobals) = postSolution
		SolutionGuid = {1624EAD3-E54A-41BD-AB12-29F0966A5762}
	EndGlobalSection
EndGlobal
